
Microsoft Visual Studio Solution File, Format Version 12.00
# Visual Studio Version 17
VisualStudioVersion = 17.0.31717.71
MinimumVisualStudioVersion = 10.0.40219.1
Project("{28E9EE7C-FBBB-45A0-B7F0-E8C82AA0ED4C}") = "Stango.Server", "Server\Stango.Server.csproj", "{2B49D4EB-35FC-446A-82FB-38979420A337}"
EndProject
Project("{28E9EE7C-FBBB-45A0-B7F0-E8C82AA0ED4C}") = "Stango.Client", "Client\Stango.Client.csproj", "{21D26009-A3E0-4BF8-A189-7C3989AF92AF}"
EndProject
Project("{28E9EE7C-FBBB-45A0-B7F0-E8C82AA0ED4C}") = "Stango.Shared", "Shared\Stango.Shared.csproj", "{E5D4D3E0-85FF-4979-8CAE-192A70889BB1}"
EndProject
Global
	GlobalSection(SolutionConfigurationPlatforms) = preSolution
		Debug|Any CPU = Debug|Any CPU
		Release|Any CPU = Release|Any CPU
	EndGlobalSection
	GlobalSection(ProjectConfigurationPlatforms) = postSolution
		{2B49D4EB-35FC-446A-82FB-38979420A337}.Debug|Any CPU.ActiveCfg = Debug|Any CPU
		{2B49D4EB-35FC-446A-82FB-38979420A337}.Debug|Any CPU.Build.0 = Debug|Any CPU
		{2B49D4EB-35FC-446A-82FB-38979420A337}.Release|Any CPU.ActiveCfg = Release|Any CPU
		{2B49D4EB-35FC-446A-82FB-38979420A337}.Release|Any CPU.Build.0 = Release|Any CPU
		{21D26009-A3E0-4BF8-A189-7C3989AF92AF}.Debug|Any CPU.ActiveCfg = Debug|Any CPU
		{21D26009-A3E0-4BF8-A189-7C3989AF92AF}.Debug|Any CPU.Build.0 = Debug|Any CPU
		{21D26009-A3E0-4BF8-A189-7C3989AF92AF}.Release|Any CPU.ActiveCfg = Release|Any CPU
		{21D26009-A3E0-4BF8-A189-7C3989AF92AF}.Release|Any CPU.Build.0 = Release|Any CPU
		{E5D4D3E0-85FF-4979-8CAE-192A70889BB1}.Debug|Any CPU.ActiveCfg = Debug|Any CPU
		{E5D4D3E0-85FF-4979-8CAE-192A70889BB1}.Debug|Any CPU.Build.0 = Debug|Any CPU
		{E5D4D3E0-85FF-4979-8CAE-192A70889BB1}.Release|Any CPU.ActiveCfg = Release|Any CPU
		{E5D4D3E0-85FF-4979-8CAE-192A70889BB1}.Release|Any CPU.Build.0 = Release|Any CPU
	EndGlobalSection
	GlobalSection(SolutionProperties) = preSolution
		HideSolutionNode = FALSE
	EndGlobalSection
	GlobalSection(ExtensibilityGlobals) = postSolution
		SolutionGuid = {772199CE-D60B-46A5-8A90-3236B38A902E}
	EndGlobalSection
EndGlobal